{
    "name": "generate-mysql",
    "version": "0.20.0",
    "lockfileVersion": 1,
    "requires": true,
    "dependencies": {
        "standard-functions": {
            "version": "github:sekwiatkowski/standard-functions#ac728f6c35aa1b799a14f53b1bbdf119989ef461",
            "from": "github:sekwiatkowski/standard-functions#v0.28.4"
        }
    }
}
