{
    "name": "generate-mysql",
    "version": "0.21.6",
    "lockfileVersion": 1,
    "requires": true,
    "dependencies": {
        "standard-functions": {
            "version": "github:sekwiatkowski/standard-functions#24635a87fc2b67794292b4dc3003653e3056e99e",
            "from": "github:sekwiatkowski/standard-functions#v0.28.5"
        }
    }
}
