{
    "name": "generate-sql",
    "version": "0.10.0",
    "lockfileVersion": 1,
    "requires": true,
    "dependencies": {
        "data-structures": {
            "version": "github:sekwiatkowski/data-structures#4621aabfe6c2b37c6d63a978ce29091b62cad126",
            "from": "github:sekwiatkowski/data-structures#v0.1.3"
        },
        "standard-functions": {
            "version": "github:sekwiatkowski/standard-functions#4294ccdf750dd35d476425627f9700746b33501c",
            "from": "github:sekwiatkowski/standard-functions#v0.21.7"
        }
    }
}
